
Microsoft Visual Studio Solution File, Format Version 12.00
# Visual Studio 2012
Project("{FAE04EC0-301F-11D3-BF4B-00C04F79EFBC}") = "GreenSense.Index.Tests.Integration", "GreenSense.Index.Tests.Integration\GreenSense.Index.Tests.Integration.csproj", "{2ACA9D2F-CD6C-4D41-941E-A9A0496826AB}"
EndProject
Project("{FAE04EC0-301F-11D3-BF4B-00C04F79EFBC}") = "GreenSense.Index.Tests", "GreenSense.Index.Tests\GreenSense.Index.Tests.csproj", "{5F680715-2487-4569-9E21-E0D6D8936CDC}"
EndProject
Project("{FAE04EC0-301F-11D3-BF4B-00C04F79EFBC}") = "GreenSense.Index.Tests.Unit", "GreenSense.Index.Tests.Unit\GreenSense.Index.Tests.Unit.csproj", "{DED5F13A-7978-4986-9FCC-B92F85D72B9D}"
EndProject
Global
	GlobalSection(SolutionConfigurationPlatforms) = preSolution
		Debug|Any CPU = Debug|Any CPU
		Release|Any CPU = Release|Any CPU
	EndGlobalSection
	GlobalSection(ProjectConfigurationPlatforms) = postSolution
		{2ACA9D2F-CD6C-4D41-941E-A9A0496826AB}.Debug|Any CPU.ActiveCfg = Debug|Any CPU
		{2ACA9D2F-CD6C-4D41-941E-A9A0496826AB}.Debug|Any CPU.Build.0 = Debug|Any CPU
		{2ACA9D2F-CD6C-4D41-941E-A9A0496826AB}.Release|Any CPU.ActiveCfg = Release|Any CPU
		{2ACA9D2F-CD6C-4D41-941E-A9A0496826AB}.Release|Any CPU.Build.0 = Release|Any CPU
		{5F680715-2487-4569-9E21-E0D6D8936CDC}.Debug|Any CPU.ActiveCfg = Debug|Any CPU
		{5F680715-2487-4569-9E21-E0D6D8936CDC}.Debug|Any CPU.Build.0 = Debug|Any CPU
		{5F680715-2487-4569-9E21-E0D6D8936CDC}.Release|Any CPU.ActiveCfg = Release|Any CPU
		{5F680715-2487-4569-9E21-E0D6D8936CDC}.Release|Any CPU.Build.0 = Release|Any CPU
		{DED5F13A-7978-4986-9FCC-B92F85D72B9D}.Debug|Any CPU.ActiveCfg = Debug|Any CPU
		{DED5F13A-7978-4986-9FCC-B92F85D72B9D}.Debug|Any CPU.Build.0 = Debug|Any CPU
		{DED5F13A-7978-4986-9FCC-B92F85D72B9D}.Release|Any CPU.ActiveCfg = Release|Any CPU
		{DED5F13A-7978-4986-9FCC-B92F85D72B9D}.Release|Any CPU.Build.0 = Release|Any CPU
	EndGlobalSection
EndGlobal
